
Microsoft Visual Studio Solution File, Format Version 12.00
# Visual Studio Version 17
VisualStudioVersion = 17.14.36203.30
MinimumVisualStudioVersion = 10.0.40219.1
Project("{FAE04EC0-301F-11D3-BF4B-00C04F79EFBC}") = "Hiquotroca", "Hiquotroca\Hiquotroca.csproj", "{90F6B30C-AE0D-45CD-904B-AF4913DBC6CB}"
EndProject
Project("{FAE04EC0-301F-11D3-BF4B-00C04F79EFBC}") = "Hiquotroca.API", "Hiquotroca.API\Hiquotroca.API.csproj", "{9C2D78AD-8453-464D-9C54-74A7810375A8}"
EndProject
Global
	GlobalSection(SolutionConfigurationPlatforms) = preSolution
		Debug|Any CPU = Debug|Any CPU
		Release|Any CPU = Release|Any CPU
	EndGlobalSection
	GlobalSection(ProjectConfigurationPlatforms) = postSolution
		{90F6B30C-AE0D-45CD-904B-AF4913DBC6CB}.Debug|Any CPU.ActiveCfg = Debug|Any CPU
		{90F6B30C-AE0D-45CD-904B-AF4913DBC6CB}.Debug|Any CPU.Build.0 = Debug|Any CPU
		{90F6B30C-AE0D-45CD-904B-AF4913DBC6CB}.Debug|Any CPU.Deploy.0 = Debug|Any CPU
		{90F6B30C-AE0D-45CD-904B-AF4913DBC6CB}.Release|Any CPU.ActiveCfg = Debug|Any CPU
		{90F6B30C-AE0D-45CD-904B-AF4913DBC6CB}.Release|Any CPU.Build.0 = Debug|Any CPU
		{90F6B30C-AE0D-45CD-904B-AF4913DBC6CB}.Release|Any CPU.Deploy.0 = Debug|Any CPU
		{9C2D78AD-8453-464D-9C54-74A7810375A8}.Debug|Any CPU.ActiveCfg = Debug|Any CPU
		{9C2D78AD-8453-464D-9C54-74A7810375A8}.Debug|Any CPU.Build.0 = Debug|Any CPU
		{9C2D78AD-8453-464D-9C54-74A7810375A8}.Release|Any CPU.ActiveCfg = Release|Any CPU
		{9C2D78AD-8453-464D-9C54-74A7810375A8}.Release|Any CPU.Build.0 = Release|Any CPU
	EndGlobalSection
	GlobalSection(SolutionProperties) = preSolution
		HideSolutionNode = FALSE
	EndGlobalSection
	GlobalSection(ExtensibilityGlobals) = postSolution
		SolutionGuid = {A6EEC72E-055C-4A2B-8B43-7CC01136B0C4}
	EndGlobalSection
EndGlobal
